
Microsoft Visual Studio Solution File, Format Version 12.00
# Visual Studio Version 17
VisualStudioVersion = 17.8.34511.84
MinimumVisualStudioVersion = 10.0.40219.1
Project("{9A19103F-16F7-4668-BE54-9A1E7A4F7556}") = "PayRoll", "PayRoll\PayRoll.csproj", "{F9064B34-F8BF-4B9E-B641-D3849EB8FA62}"
EndProject
Project("{FAE04EC0-301F-11D3-BF4B-00C04F79EFBC}") = "PayRoll.Test", "PayRoll.Test\PayRoll.Test.csproj", "{5974E5C6-C2F2-4B2A-A47D-6729ABB9B482}"
EndProject
Global
	GlobalSection(SolutionConfigurationPlatforms) = preSolution
		Debug|Any CPU = Debug|Any CPU
		Release|Any CPU = Release|Any CPU
	EndGlobalSection
	GlobalSection(ProjectConfigurationPlatforms) = postSolution
		{F9064B34-F8BF-4B9E-B641-D3849EB8FA62}.Debug|Any CPU.ActiveCfg = Debug|Any CPU
		{F9064B34-F8BF-4B9E-B641-D3849EB8FA62}.Debug|Any CPU.Build.0 = Debug|Any CPU
		{F9064B34-F8BF-4B9E-B641-D3849EB8FA62}.Release|Any CPU.ActiveCfg = Release|Any CPU
		{F9064B34-F8BF-4B9E-B641-D3849EB8FA62}.Release|Any CPU.Build.0 = Release|Any CPU
		{5974E5C6-C2F2-4B2A-A47D-6729ABB9B482}.Debug|Any CPU.ActiveCfg = Debug|Any CPU
		{5974E5C6-C2F2-4B2A-A47D-6729ABB9B482}.Debug|Any CPU.Build.0 = Debug|Any CPU
		{5974E5C6-C2F2-4B2A-A47D-6729ABB9B482}.Release|Any CPU.ActiveCfg = Release|Any CPU
		{5974E5C6-C2F2-4B2A-A47D-6729ABB9B482}.Release|Any CPU.Build.0 = Release|Any CPU
	EndGlobalSection
	GlobalSection(SolutionProperties) = preSolution
		HideSolutionNode = FALSE
	EndGlobalSection
	GlobalSection(ExtensibilityGlobals) = postSolution
		SolutionGuid = {EC6BE023-7B5C-4D1C-ABDC-65E4332AAA31}
	EndGlobalSection
EndGlobal
